Microsoft Visual Studio Solution File, Format Version 11.00
# Visual Studio 2010
Project("{8BC9CEB8-8B4A-11D0-8D11-00A0C91BC942}") = "CHAI3D", "projects\VS2010\CHAI3D.vcxproj", "{A9F01342-5463-4634-B1F9-BF98CD5591B0}"
	ProjectSection(ProjectDependencies) = postProject
		{22C46739-ECA2-9A42-94A4-97C5FD6B977D} = {22C46739-ECA2-9A42-94A4-97C5FD6B977D}
		{93588B3B-742D-4722-BF12-6F92E0676B68} = {93588B3B-742D-4722-BF12-6F92E0676B68}
		{B4B75186-50EA-4320-A6C3-B621FA7E4509} = {B4B75186-50EA-4320-A6C3-B621FA7E4509}
		{2E30DB8A-F0A3-49F6-9048-6A98A530CC10} = {2E30DB8A-F0A3-49F6-9048-6A98A530CC10}
	EndProjectSection
EndProject
Project("{8BC9CEB8-8B4A-11D0-8D11-00A0C91BC942}") = "libjpeg", "internal\libjpeg\libjpeg-VS2010.vcxproj", "{22C46739-ECA2-9A42-94A4-97C5FD6B977D}"
EndProject
Project("{8BC9CEB8-8B4A-11D0-8D11-00A0C91BC942}") = "libpng", "internal\libpng\libpng-VS2010.vcxproj", "{93588B3B-742D-4722-BF12-6F92E0676B68}"
EndProject
Project("{8BC9CEB8-8B4A-11D0-8D11-00A0C91BC942}") = "libgif", "internal\giflib\giflib-VS2010.vcxproj", "{2E30DB8A-F0A3-49F6-9048-6A98A530CC10}"
EndProject
Project("{8BC9CEB8-8B4A-11D0-8D11-00A0C91BC942}") = "freeglut", "external\freeglut\freeglut-VS2010.vcxproj", "{71AF75A0-52B6-4C1B-8E56-CB31C6741A18}"
EndProject
Project("{8BC9CEB8-8B4A-11D0-8D11-00A0C91BC942}") = "25-cubic", "examples\GLUT\25-cubic\25-cubic-VS2010.vcxproj", "{41047738-C5C7-4821-9E34-E3DCA990E716}"
	ProjectSection(ProjectDependencies) = postProject
		{A9F01342-5463-4634-B1F9-BF98CD5591B0} = {A9F01342-5463-4634-B1F9-BF98CD5591B0}
		{71AF75A0-52B6-4C1B-8E56-CB31C6741A18} = {71AF75A0-52B6-4C1B-8E56-CB31C6741A18}
	EndProjectSection
EndProject
Project("{8BC9CEB8-8B4A-11D0-8D11-00A0C91BC942}") = "24-turntable", "examples\GLUT\24-turntable\24-turntable-VS2010.vcxproj", "{666CE3DF-B4DB-4BC1-AD2E-10B74401E82C}"
	ProjectSection(ProjectDependencies) = postProject
		{A9F01342-5463-4634-B1F9-BF98CD5591B0} = {A9F01342-5463-4634-B1F9-BF98CD5591B0}
		{71AF75A0-52B6-4C1B-8E56-CB31C6741A18} = {71AF75A0-52B6-4C1B-8E56-CB31C6741A18}
	EndProjectSection
EndProject
Project("{8BC9CEB8-8B4A-11D0-8D11-00A0C91BC942}") = "23-tooth", "examples\GLUT\23-tooth\23-tooth-VS2010.vcxproj", "{B1112A85-D22C-4ABD-ACDB-BD1A2E78E521}"
	ProjectSection(ProjectDependencies) = postProject
		{A9F01342-5463-4634-B1F9-BF98CD5591B0} = {A9F01342-5463-4634-B1F9-BF98CD5591B0}
		{71AF75A0-52B6-4C1B-8E56-CB31C6741A18} = {71AF75A0-52B6-4C1B-8E56-CB31C6741A18}
	EndProjectSection
EndProject
Project("{8BC9CEB8-8B4A-11D0-8D11-00A0C91BC942}") = "22-chrome", "examples\GLUT\22-chrome\22-chrome-VS2010.vcxproj", "{1325973E-9E7F-40AE-A49A-FEED4BF98F37}"
	ProjectSection(ProjectDependencies) = postProject
		{A9F01342-5463-4634-B1F9-BF98CD5591B0} = {A9F01342-5463-4634-B1F9-BF98CD5591B0}
		{71AF75A0-52B6-4C1B-8E56-CB31C6741A18} = {71AF75A0-52B6-4C1B-8E56-CB31C6741A18}
	EndProjectSection
EndProject
Project("{8BC9CEB8-8B4A-11D0-8D11-00A0C91BC942}") = "21-object", "examples\GLUT\21-object\21-object-VS2010.vcxproj", "{093BD170-68C0-488A-890F-F3BB3B9A7FD1}"
	ProjectSection(ProjectDependencies) = postProject
		{A9F01342-5463-4634-B1F9-BF98CD5591B0} = {A9F01342-5463-4634-B1F9-BF98CD5591B0}
		{71AF75A0-52B6-4C1B-8E56-CB31C6741A18} = {71AF75A0-52B6-4C1B-8E56-CB31C6741A18}
	EndProjectSection
EndProject
Project("{8BC9CEB8-8B4A-11D0-8D11-00A0C91BC942}") = "20-map", "examples\GLUT\20-map\20-map-VS2010.vcxproj", "{4DB1C224-FB7B-4AA2-8E59-2252CBBA6EE2}"
	ProjectSection(ProjectDependencies) = postProject
		{A9F01342-5463-4634-B1F9-BF98CD5591B0} = {A9F01342-5463-4634-B1F9-BF98CD5591B0}
		{71AF75A0-52B6-4C1B-8E56-CB31C6741A18} = {71AF75A0-52B6-4C1B-8E56-CB31C6741A18}
	EndProjectSection
EndProject
Project("{8BC9CEB8-8B4A-11D0-8D11-00A0C91BC942}") = "13-primitives", "examples\GLUT\13-primitives\13-primitives-VS2010.vcxproj", "{A0FE2B56-6C50-4A6D-8FAA-CE094583CACD}"
	ProjectSection(ProjectDependencies) = postProject
		{A9F01342-5463-4634-B1F9-BF98CD5591B0} = {A9F01342-5463-4634-B1F9-BF98CD5591B0}
		{71AF75A0-52B6-4C1B-8E56-CB31C6741A18} = {71AF75A0-52B6-4C1B-8E56-CB31C6741A18}
	EndProjectSection
EndProject
Project("{8BC9CEB8-8B4A-11D0-8D11-00A0C91BC942}") = "12-polygons", "examples\GLUT\12-polygons\12-polygons-VS2010.vcxproj", "{28CE1125-B8B2-4FC9-B8B5-01837E30E9A6}"
	ProjectSection(ProjectDependencies) = postProject
		{A9F01342-5463-4634-B1F9-BF98CD5591B0} = {A9F01342-5463-4634-B1F9-BF98CD5591B0}
		{71AF75A0-52B6-4C1B-8E56-CB31C6741A18} = {71AF75A0-52B6-4C1B-8E56-CB31C6741A18}
	EndProjectSection
EndProject
Project("{8BC9CEB8-8B4A-11D0-8D11-00A0C91BC942}") = "11-effects", "examples\GLUT\11-effects\11-effects-VS2010.vcxproj", "{BA2987B6-E93E-4FB5-B4E5-67A8C41F6315}"
	ProjectSection(ProjectDependencies) = postProject
		{A9F01342-5463-4634-B1F9-BF98CD5591B0} = {A9F01342-5463-4634-B1F9-BF98CD5591B0}
		{71AF75A0-52B6-4C1B-8E56-CB31C6741A18} = {71AF75A0-52B6-4C1B-8E56-CB31C6741A18}
	EndProjectSection
EndProject
Project("{8BC9CEB8-8B4A-11D0-8D11-00A0C91BC942}") = "10-oring", "examples\GLUT\10-oring\10-oring-VS2010.vcxproj", "{F90795AF-895B-4458-A081-6124F2D9E9AE}"
	ProjectSection(ProjectDependencies) = postProject
		{A9F01342-5463-4634-B1F9-BF98CD5591B0} = {A9F01342-5463-4634-B1F9-BF98CD5591B0}
		{71AF75A0-52B6-4C1B-8E56-CB31C6741A18} = {71AF75A0-52B6-4C1B-8E56-CB31C6741A18}
	EndProjectSection
EndProject
Project("{8BC9CEB8-8B4A-11D0-8D11-00A0C91BC942}") = "01-mydevice", "examples\GLUT\01-mydevice\01-mydevice-VS2010.vcxproj", "{DF4A1F32-BA3E-4604-A9F5-721CAAA9EA71}"
	ProjectSection(ProjectDependencies) = postProject
		{A9F01342-5463-4634-B1F9-BF98CD5591B0} = {A9F01342-5463-4634-B1F9-BF98CD5591B0}
		{71AF75A0-52B6-4C1B-8E56-CB31C6741A18} = {71AF75A0-52B6-4C1B-8E56-CB31C6741A18}
	EndProjectSection
EndProject
Project("{8BC9CEB8-8B4A-11D0-8D11-00A0C91BC942}") = "02-multi-devices", "examples\GLUT\02-multi-devices\02-multi-devices-VS2010.vcxproj", "{D133A1BF-E97C-4495-8FD5-556CA25179D8}"
	ProjectSection(ProjectDependencies) = postProject
		{A9F01342-5463-4634-B1F9-BF98CD5591B0} = {A9F01342-5463-4634-B1F9-BF98CD5591B0}
		{71AF75A0-52B6-4C1B-8E56-CB31C6741A18} = {71AF75A0-52B6-4C1B-8E56-CB31C6741A18}
	EndProjectSection
EndProject
Project("{8BC9CEB8-8B4A-11D0-8D11-00A0C91BC942}") = "03-analytics", "examples\GLUT\03-analytics\03-analytics-VS2010.vcxproj", "{B8D2231B-D7A5-4D68-8648-5F9C533E2165}"
	ProjectSection(ProjectDependencies) = postProject
		{A9F01342-5463-4634-B1F9-BF98CD5591B0} = {A9F01342-5463-4634-B1F9-BF98CD5591B0}
		{71AF75A0-52B6-4C1B-8E56-CB31C6741A18} = {71AF75A0-52B6-4C1B-8E56-CB31C6741A18}
	EndProjectSection
EndProject
Project("{8BC9CEB8-8B4A-11D0-8D11-00A0C91BC942}") = "04-shapes", "examples\GLUT\04-shapes\04-shapes-VS2010.vcxproj", "{D46DD4BB-5A59-4887-AEAD-3C8775A0224F}"
	ProjectSection(ProjectDependencies) = postProject
		{A9F01342-5463-4634-B1F9-BF98CD5591B0} = {A9F01342-5463-4634-B1F9-BF98CD5591B0}
		{71AF75A0-52B6-4C1B-8E56-CB31C6741A18} = {71AF75A0-52B6-4C1B-8E56-CB31C6741A18}
	EndProjectSection
EndProject
Project("{8BC9CEB8-8B4A-11D0-8D11-00A0C91BC942}") = "05-fonts", "examples\GLUT\05-fonts\05-fonts-VS2010.vcxproj", "{490AA03D-FE72-4F84-A86D-2D246AAAAEE6}"
	ProjectSection(ProjectDependencies) = postProject
		{A9F01342-5463-4634-B1F9-BF98CD5591B0} = {A9F01342-5463-4634-B1F9-BF98CD5591B0}
		{71AF75A0-52B6-4C1B-8E56-CB31C6741A18} = {71AF75A0-52B6-4C1B-8E56-CB31C6741A18}
	EndProjectSection
EndProject
Project("{8BC9CEB8-8B4A-11D0-8D11-00A0C91BC942}") = "14-textures", "examples\GLUT\14-textures\14-textures-VS2010.vcxproj", "{54925E60-29DC-4781-9AF4-F8C18FCF3B50}"
	ProjectSection(ProjectDependencies) = postProject
		{A9F01342-5463-4634-B1F9-BF98CD5591B0} = {A9F01342-5463-4634-B1F9-BF98CD5591B0}
		{71AF75A0-52B6-4C1B-8E56-CB31C6741A18} = {71AF75A0-52B6-4C1B-8E56-CB31C6741A18}
	EndProjectSection
EndProject
Project("{8BC9CEB8-8B4A-11D0-8D11-00A0C91BC942}") = "15-paint", "examples\GLUT\15-paint\15-paint-VS2010.vcxproj", "{A5ABC2B6-0159-4506-B04A-7EE0B22BBCA0}"
	ProjectSection(ProjectDependencies) = postProject
		{A9F01342-5463-4634-B1F9-BF98CD5591B0} = {A9F01342-5463-4634-B1F9-BF98CD5591B0}
		{71AF75A0-52B6-4C1B-8E56-CB31C6741A18} = {71AF75A0-52B6-4C1B-8E56-CB31C6741A18}
	EndProjectSection
EndProject
Project("{8BC9CEB8-8B4A-11D0-8D11-00A0C91BC942}") = "16-friction", "examples\GLUT\16-friction\16-friction-VS2010.vcxproj", "{2F7A5DBA-0391-4235-9D23-982454349B55}"
	ProjectSection(ProjectDependencies) = postProject
		{A9F01342-5463-4634-B1F9-BF98CD5591B0} = {A9F01342-5463-4634-B1F9-BF98CD5591B0}
		{71AF75A0-52B6-4C1B-8E56-CB31C6741A18} = {71AF75A0-52B6-4C1B-8E56-CB31C6741A18}
	EndProjectSection
EndProject
Project("{8BC9CEB8-8B4A-11D0-8D11-00A0C91BC942}") = "17-shading", "examples\GLUT\17-shading\17-shading-VS2010.vcxproj", "{23D2C17D-68EB-4C91-8838-DDD787AD213B}"
	ProjectSection(ProjectDependencies) = postProject
		{A9F01342-5463-4634-B1F9-BF98CD5591B0} = {A9F01342-5463-4634-B1F9-BF98CD5591B0}
		{71AF75A0-52B6-4C1B-8E56-CB31C6741A18} = {71AF75A0-52B6-4C1B-8E56-CB31C6741A18}
	EndProjectSection
EndProject
Project("{8BC9CEB8-8B4A-11D0-8D11-00A0C91BC942}") = "lib3ds", "internal\lib3ds\lib3ds-VS2010.vcxproj", "{B4B75186-50EA-4320-A6C3-B621FA7E4509}"
EndProject
Global
	GlobalSection(SolutionConfigurationPlatforms) = preSolution
		Debug|Win32 = Debug|Win32
		Debug|x64 = Debug|x64
		Release|Win32 = Release|Win32
		Release|x64 = Release|x64
	EndGlobalSection
	GlobalSection(ProjectConfigurationPlatforms) = postSolution
		{A9F01342-5463-4634-B1F9-BF98CD5591B0}.Debug|Win32.ActiveCfg = Debug|Win32
		{A9F01342-5463-4634-B1F9-BF98CD5591B0}.Debug|Win32.Build.0 = Debug|Win32
		{A9F01342-5463-4634-B1F9-BF98CD5591B0}.Debug|x64.ActiveCfg = Debug|x64
		{A9F01342-5463-4634-B1F9-BF98CD5591B0}.Debug|x64.Build.0 = Debug|x64
		{A9F01342-5463-4634-B1F9-BF98CD5591B0}.Release|Win32.ActiveCfg = Release|Win32
		{A9F01342-5463-4634-B1F9-BF98CD5591B0}.Release|Win32.Build.0 = Release|Win32
		{A9F01342-5463-4634-B1F9-BF98CD5591B0}.Release|x64.ActiveCfg = Release|x64
		{A9F01342-5463-4634-B1F9-BF98CD5591B0}.Release|x64.Build.0 = Release|x64
		{22C46739-ECA2-9A42-94A4-97C5FD6B977D}.Debug|Win32.ActiveCfg = Debug|Win32
		{22C46739-ECA2-9A42-94A4-97C5FD6B977D}.Debug|Win32.Build.0 = Debug|Win32
		{22C46739-ECA2-9A42-94A4-97C5FD6B977D}.Debug|x64.ActiveCfg = Debug|x64
		{22C46739-ECA2-9A42-94A4-97C5FD6B977D}.Debug|x64.Build.0 = Debug|x64
		{22C46739-ECA2-9A42-94A4-97C5FD6B977D}.Release|Win32.ActiveCfg = Release|Win32
		{22C46739-ECA2-9A42-94A4-97C5FD6B977D}.Release|Win32.Build.0 = Release|Win32
		{22C46739-ECA2-9A42-94A4-97C5FD6B977D}.Release|x64.ActiveCfg = Release|x64
		{22C46739-ECA2-9A42-94A4-97C5FD6B977D}.Release|x64.Build.0 = Release|x64
		{93588B3B-742D-4722-BF12-6F92E0676B68}.Debug|Win32.ActiveCfg = Debug|Win32
		{93588B3B-742D-4722-BF12-6F92E0676B68}.Debug|Win32.Build.0 = Debug|Win32
		{93588B3B-742D-4722-BF12-6F92E0676B68}.Debug|x64.ActiveCfg = Debug|x64
		{93588B3B-742D-4722-BF12-6F92E0676B68}.Debug|x64.Build.0 = Debug|x64
		{93588B3B-742D-4722-BF12-6F92E0676B68}.Release|Win32.ActiveCfg = Release|Win32
		{93588B3B-742D-4722-BF12-6F92E0676B68}.Release|Win32.Build.0 = Release|Win32
		{93588B3B-742D-4722-BF12-6F92E0676B68}.Release|x64.ActiveCfg = Release|x64
		{93588B3B-742D-4722-BF12-6F92E0676B68}.Release|x64.Build.0 = Release|x64
		{2E30DB8A-F0A3-49F6-9048-6A98A530CC10}.Debug|Win32.ActiveCfg = Debug|Win32
		{2E30DB8A-F0A3-49F6-9048-6A98A530CC10}.Debug|Win32.Build.0 = Debug|Win32
		{2E30DB8A-F0A3-49F6-9048-6A98A530CC10}.Debug|x64.ActiveCfg = Debug|x64
		{2E30DB8A-F0A3-49F6-9048-6A98A530CC10}.Debug|x64.Build.0 = Debug|x64
		{2E30DB8A-F0A3-49F6-9048-6A98A530CC10}.Release|Win32.ActiveCfg = Release|Win32
		{2E30DB8A-F0A3-49F6-9048-6A98A530CC10}.Release|Win32.Build.0 = Release|Win32
		{2E30DB8A-F0A3-49F6-9048-6A98A530CC10}.Release|x64.ActiveCfg = Release|x64
		{2E30DB8A-F0A3-49F6-9048-6A98A530CC10}.Release|x64.Build.0 = Release|x64
		{71AF75A0-52B6-4C1B-8E56-CB31C6741A18}.Debug|Win32.ActiveCfg = Debug|Win32
		{71AF75A0-52B6-4C1B-8E56-CB31C6741A18}.Debug|Win32.Build.0 = Debug|Win32
		{71AF75A0-52B6-4C1B-8E56-CB31C6741A18}.Debug|x64.ActiveCfg = Debug|x64
		{71AF75A0-52B6-4C1B-8E56-CB31C6741A18}.Debug|x64.Build.0 = Debug|x64
		{71AF75A0-52B6-4C1B-8E56-CB31C6741A18}.Release|Win32.ActiveCfg = Release|Win32
		{71AF75A0-52B6-4C1B-8E56-CB31C6741A18}.Release|Win32.Build.0 = Release|Win32
		{71AF75A0-52B6-4C1B-8E56-CB31C6741A18}.Release|x64.ActiveCfg = Release|x64
		{71AF75A0-52B6-4C1B-8E56-CB31C6741A18}.Release|x64.Build.0 = Release|x64
		{41047738-C5C7-4821-9E34-E3DCA990E716}.Debug|Win32.ActiveCfg = Debug|Win32
		{41047738-C5C7-4821-9E34-E3DCA990E716}.Debug|Win32.Build.0 = Debug|Win32
		{41047738-C5C7-4821-9E34-E3DCA990E716}.Debug|x64.ActiveCfg = Debug|x64
		{41047738-C5C7-4821-9E34-E3DCA990E716}.Debug|x64.Build.0 = Debug|x64
		{41047738-C5C7-4821-9E34-E3DCA990E716}.Release|Win32.ActiveCfg = Release|Win32
		{41047738-C5C7-4821-9E34-E3DCA990E716}.Release|Win32.Build.0 = Release|Win32
		{41047738-C5C7-4821-9E34-E3DCA990E716}.Release|x64.ActiveCfg = Release|x64
		{41047738-C5C7-4821-9E34-E3DCA990E716}.Release|x64.Build.0 = Release|x64
		{666CE3DF-B4DB-4BC1-AD2E-10B74401E82C}.Debug|Win32.ActiveCfg = Debug|Win32
		{666CE3DF-B4DB-4BC1-AD2E-10B74401E82C}.Debug|Win32.Build.0 = Debug|Win32
		{666CE3DF-B4DB-4BC1-AD2E-10B74401E82C}.Debug|x64.ActiveCfg = Debug|x64
		{666CE3DF-B4DB-4BC1-AD2E-10B74401E82C}.Release|Win32.ActiveCfg = Release|Win32
		{666CE3DF-B4DB-4BC1-AD2E-10B74401E82C}.Release|Win32.Build.0 = Release|Win32
		{666CE3DF-B4DB-4BC1-AD2E-10B74401E82C}.Release|x64.ActiveCfg = Release|x64
		{B1112A85-D22C-4ABD-ACDB-BD1A2E78E521}.Debug|Win32.ActiveCfg = Debug|Win32
		{B1112A85-D22C-4ABD-ACDB-BD1A2E78E521}.Debug|Win32.Build.0 = Debug|Win32
		{B1112A85-D22C-4ABD-ACDB-BD1A2E78E521}.Debug|x64.ActiveCfg = Debug|x64
		{B1112A85-D22C-4ABD-ACDB-BD1A2E78E521}.Debug|x64.Build.0 = Debug|x64
		{B1112A85-D22C-4ABD-ACDB-BD1A2E78E521}.Release|Win32.ActiveCfg = Release|Win32
		{B1112A85-D22C-4ABD-ACDB-BD1A2E78E521}.Release|Win32.Build.0 = Release|Win32
		{B1112A85-D22C-4ABD-ACDB-BD1A2E78E521}.Release|x64.ActiveCfg = Release|x64
		{B1112A85-D22C-4ABD-ACDB-BD1A2E78E521}.Release|x64.Build.0 = Release|x64
		{1325973E-9E7F-40AE-A49A-FEED4BF98F37}.Debug|Win32.ActiveCfg = Debug|Win32
		{1325973E-9E7F-40AE-A49A-FEED4BF98F37}.Debug|Win32.Build.0 = Debug|Win32
		{1325973E-9E7F-40AE-A49A-FEED4BF98F37}.Debug|x64.ActiveCfg = Debug|x64
		{1325973E-9E7F-40AE-A49A-FEED4BF98F37}.Debug|x64.Build.0 = Debug|x64
		{1325973E-9E7F-40AE-A49A-FEED4BF98F37}.Release|Win32.ActiveCfg = Release|Win32
		{1325973E-9E7F-40AE-A49A-FEED4BF98F37}.Release|Win32.Build.0 = Release|Win32
		{1325973E-9E7F-40AE-A49A-FEED4BF98F37}.Release|x64.ActiveCfg = Release|x64
		{1325973E-9E7F-40AE-A49A-FEED4BF98F37}.Release|x64.Build.0 = Release|x64
		{093BD170-68C0-488A-890F-F3BB3B9A7FD1}.Debug|Win32.ActiveCfg = Debug|Win32
		{093BD170-68C0-488A-890F-F3BB3B9A7FD1}.Debug|Win32.Build.0 = Debug|Win32
		{093BD170-68C0-488A-890F-F3BB3B9A7FD1}.Debug|x64.ActiveCfg = Debug|x64
		{093BD170-68C0-488A-890F-F3BB3B9A7FD1}.Debug|x64.Build.0 = Debug|x64
		{093BD170-68C0-488A-890F-F3BB3B9A7FD1}.Release|Win32.ActiveCfg = Release|Win32
		{093BD170-68C0-488A-890F-F3BB3B9A7FD1}.Release|Win32.Build.0 = Release|Win32
		{093BD170-68C0-488A-890F-F3BB3B9A7FD1}.Release|x64.ActiveCfg = Release|x64
		{093BD170-68C0-488A-890F-F3BB3B9A7FD1}.Release|x64.Build.0 = Release|x64
		{4DB1C224-FB7B-4AA2-8E59-2252CBBA6EE2}.Debug|Win32.ActiveCfg = Debug|Win32
		{4DB1C224-FB7B-4AA2-8E59-2252CBBA6EE2}.Debug|Win32.Build.0 = Debug|Win32
		{4DB1C224-FB7B-4AA2-8E59-2252CBBA6EE2}.Debug|x64.ActiveCfg = Debug|x64
		{4DB1C224-FB7B-4AA2-8E59-2252CBBA6EE2}.Debug|x64.Build.0 = Debug|x64
		{4DB1C224-FB7B-4AA2-8E59-2252CBBA6EE2}.Release|Win32.ActiveCfg = Release|Win32
		{4DB1C224-FB7B-4AA2-8E59-2252CBBA6EE2}.Release|Win32.Build.0 = Release|Win32
		{4DB1C224-FB7B-4AA2-8E59-2252CBBA6EE2}.Release|x64.ActiveCfg = Release|x64
		{4DB1C224-FB7B-4AA2-8E59-2252CBBA6EE2}.Release|x64.Build.0 = Release|x64
		{A0FE2B56-6C50-4A6D-8FAA-CE094583CACD}.Debug|Win32.ActiveCfg = Debug|Win32
		{A0FE2B56-6C50-4A6D-8FAA-CE094583CACD}.Debug|Win32.Build.0 = Debug|Win32
		{A0FE2B56-6C50-4A6D-8FAA-CE094583CACD}.Debug|x64.ActiveCfg = Debug|x64
		{A0FE2B56-6C50-4A6D-8FAA-CE094583CACD}.Debug|x64.Build.0 = Debug|x64
		{A0FE2B56-6C50-4A6D-8FAA-CE094583CACD}.Release|Win32.ActiveCfg = Release|Win32
		{A0FE2B56-6C50-4A6D-8FAA-CE094583CACD}.Release|Win32.Build.0 = Release|Win32
		{A0FE2B56-6C50-4A6D-8FAA-CE094583CACD}.Release|x64.ActiveCfg = Release|x64
		{A0FE2B56-6C50-4A6D-8FAA-CE094583CACD}.Release|x64.Build.0 = Release|x64
		{28CE1125-B8B2-4FC9-B8B5-01837E30E9A6}.Debug|Win32.ActiveCfg = Debug|Win32
		{28CE1125-B8B2-4FC9-B8B5-01837E30E9A6}.Debug|Win32.Build.0 = Debug|Win32
		{28CE1125-B8B2-4FC9-B8B5-01837E30E9A6}.Debug|x64.ActiveCfg = Debug|x64
		{28CE1125-B8B2-4FC9-B8B5-01837E30E9A6}.Debug|x64.Build.0 = Debug|x64
		{28CE1125-B8B2-4FC9-B8B5-01837E30E9A6}.Release|Win32.ActiveCfg = Release|Win32
		{28CE1125-B8B2-4FC9-B8B5-01837E30E9A6}.Release|Win32.Build.0 = Release|Win32
		{28CE1125-B8B2-4FC9-B8B5-01837E30E9A6}.Release|x64.ActiveCfg = Release|x64
		{28CE1125-B8B2-4FC9-B8B5-01837E30E9A6}.Release|x64.Build.0 = Release|x64
		{BA2987B6-E93E-4FB5-B4E5-67A8C41F6315}.Debug|Win32.ActiveCfg = Debug|Win32
		{BA2987B6-E93E-4FB5-B4E5-67A8C41F6315}.Debug|Win32.Build.0 = Debug|Win32
		{BA2987B6-E93E-4FB5-B4E5-67A8C41F6315}.Debug|x64.ActiveCfg = Debug|x64
		{BA2987B6-E93E-4FB5-B4E5-67A8C41F6315}.Debug|x64.Build.0 = Debug|x64
		{BA2987B6-E93E-4FB5-B4E5-67A8C41F6315}.Release|Win32.ActiveCfg = Release|Win32
		{BA2987B6-E93E-4FB5-B4E5-67A8C41F6315}.Release|Win32.Build.0 = Release|Win32
		{BA2987B6-E93E-4FB5-B4E5-67A8C41F6315}.Release|x64.ActiveCfg = Release|x64
		{BA2987B6-E93E-4FB5-B4E5-67A8C41F6315}.Release|x64.Build.0 = Release|x64
		{F90795AF-895B-4458-A081-6124F2D9E9AE}.Debug|Win32.ActiveCfg = Debug|Win32
		{F90795AF-895B-4458-A081-6124F2D9E9AE}.Debug|Win32.Build.0 = Debug|Win32
		{F90795AF-895B-4458-A081-6124F2D9E9AE}.Debug|x64.ActiveCfg = Debug|x64
		{F90795AF-895B-4458-A081-6124F2D9E9AE}.Debug|x64.Build.0 = Debug|x64
		{F90795AF-895B-4458-A081-6124F2D9E9AE}.Release|Win32.ActiveCfg = Release|Win32
		{F90795AF-895B-4458-A081-6124F2D9E9AE}.Release|Win32.Build.0 = Release|Win32
		{F90795AF-895B-4458-A081-6124F2D9E9AE}.Release|x64.ActiveCfg = Release|x64
		{F90795AF-895B-4458-A081-6124F2D9E9AE}.Release|x64.Build.0 = Release|x64
		{DF4A1F32-BA3E-4604-A9F5-721CAAA9EA71}.Debug|Win32.ActiveCfg = Debug|Win32
		{DF4A1F32-BA3E-4604-A9F5-721CAAA9EA71}.Debug|Win32.Build.0 = Debug|Win32
		{DF4A1F32-BA3E-4604-A9F5-721CAAA9EA71}.Debug|x64.ActiveCfg = Debug|x64
		{DF4A1F32-BA3E-4604-A9F5-721CAAA9EA71}.Debug|x64.Build.0 = Debug|x64
		{DF4A1F32-BA3E-4604-A9F5-721CAAA9EA71}.Release|Win32.ActiveCfg = Release|Win32
		{DF4A1F32-BA3E-4604-A9F5-721CAAA9EA71}.Release|Win32.Build.0 = Release|Win32
		{DF4A1F32-BA3E-4604-A9F5-721CAAA9EA71}.Release|x64.ActiveCfg = Release|x64
		{DF4A1F32-BA3E-4604-A9F5-721CAAA9EA71}.Release|x64.Build.0 = Release|x64
		{D133A1BF-E97C-4495-8FD5-556CA25179D8}.Debug|Win32.ActiveCfg = Debug|Win32
		{D133A1BF-E97C-4495-8FD5-556CA25179D8}.Debug|Win32.Build.0 = Debug|Win32
		{D133A1BF-E97C-4495-8FD5-556CA25179D8}.Debug|x64.ActiveCfg = Debug|x64
		{D133A1BF-E97C-4495-8FD5-556CA25179D8}.Debug|x64.Build.0 = Debug|x64
		{D133A1BF-E97C-4495-8FD5-556CA25179D8}.Release|Win32.ActiveCfg = Release|Win32
		{D133A1BF-E97C-4495-8FD5-556CA25179D8}.Release|Win32.Build.0 = Release|Win32
		{D133A1BF-E97C-4495-8FD5-556CA25179D8}.Release|x64.ActiveCfg = Release|x64
		{D133A1BF-E97C-4495-8FD5-556CA25179D8}.Release|x64.Build.0 = Release|x64
		{B8D2231B-D7A5-4D68-8648-5F9C533E2165}.Debug|Win32.ActiveCfg = Debug|Win32
		{B8D2231B-D7A5-4D68-8648-5F9C533E2165}.Debug|Win32.Build.0 = Debug|Win32
		{B8D2231B-D7A5-4D68-8648-5F9C533E2165}.Debug|x64.ActiveCfg = Debug|x64
		{B8D2231B-D7A5-4D68-8648-5F9C533E2165}.Debug|x64.Build.0 = Debug|x64
		{B8D2231B-D7A5-4D68-8648-5F9C533E2165}.Release|Win32.ActiveCfg = Release|Win32
		{B8D2231B-D7A5-4D68-8648-5F9C533E2165}.Release|Win32.Build.0 = Release|Win32
		{B8D2231B-D7A5-4D68-8648-5F9C533E2165}.Release|x64.ActiveCfg = Release|x64
		{B8D2231B-D7A5-4D68-8648-5F9C533E2165}.Release|x64.Build.0 = Release|x64
		{D46DD4BB-5A59-4887-AEAD-3C8775A0224F}.Debug|Win32.ActiveCfg = Debug|Win32
		{D46DD4BB-5A59-4887-AEAD-3C8775A0224F}.Debug|Win32.Build.0 = Debug|Win32
		{D46DD4BB-5A59-4887-AEAD-3C8775A0224F}.Debug|x64.ActiveCfg = Debug|x64
		{D46DD4BB-5A59-4887-AEAD-3C8775A0224F}.Debug|x64.Build.0 = Debug|x64
		{D46DD4BB-5A59-4887-AEAD-3C8775A0224F}.Release|Win32.ActiveCfg = Release|Win32
		{D46DD4BB-5A59-4887-AEAD-3C8775A0224F}.Release|Win32.Build.0 = Release|Win32
		{D46DD4BB-5A59-4887-AEAD-3C8775A0224F}.Release|x64.ActiveCfg = Release|x64
		{D46DD4BB-5A59-4887-AEAD-3C8775A0224F}.Release|x64.Build.0 = Release|x64
		{490AA03D-FE72-4F84-A86D-2D246AAAAEE6}.Debug|Win32.ActiveCfg = Debug|Win32
		{490AA03D-FE72-4F84-A86D-2D246AAAAEE6}.Debug|Win32.Build.0 = Debug|Win32
		{490AA03D-FE72-4F84-A86D-2D246AAAAEE6}.Debug|x64.ActiveCfg = Debug|x64
		{490AA03D-FE72-4F84-A86D-2D246AAAAEE6}.Debug|x64.Build.0 = Debug|x64
		{490AA03D-FE72-4F84-A86D-2D246AAAAEE6}.Release|Win32.ActiveCfg = Release|Win32
		{490AA03D-FE72-4F84-A86D-2D246AAAAEE6}.Release|Win32.Build.0 = Release|Win32
		{490AA03D-FE72-4F84-A86D-2D246AAAAEE6}.Release|x64.ActiveCfg = Release|x64
		{490AA03D-FE72-4F84-A86D-2D246AAAAEE6}.Release|x64.Build.0 = Release|x64
		{54925E60-29DC-4781-9AF4-F8C18FCF3B50}.Debug|Win32.ActiveCfg = Debug|Win32
		{54925E60-29DC-4781-9AF4-F8C18FCF3B50}.Debug|Win32.Build.0 = Debug|Win32
		{54925E60-29DC-4781-9AF4-F8C18FCF3B50}.Debug|x64.ActiveCfg = Debug|x64
		{54925E60-29DC-4781-9AF4-F8C18FCF3B50}.Debug|x64.Build.0 = Debug|x64
		{54925E60-29DC-4781-9AF4-F8C18FCF3B50}.Release|Win32.ActiveCfg = Release|Win32
		{54925E60-29DC-4781-9AF4-F8C18FCF3B50}.Release|Win32.Build.0 = Release|Win32
		{54925E60-29DC-4781-9AF4-F8C18FCF3B50}.Release|x64.ActiveCfg = Release|x64
		{54925E60-29DC-4781-9AF4-F8C18FCF3B50}.Release|x64.Build.0 = Release|x64
		{A5ABC2B6-0159-4506-B04A-7EE0B22BBCA0}.Debug|Win32.ActiveCfg = Debug|Win32
		{A5ABC2B6-0159-4506-B04A-7EE0B22BBCA0}.Debug|Win32.Build.0 = Debug|Win32
		{A5ABC2B6-0159-4506-B04A-7EE0B22BBCA0}.Debug|x64.ActiveCfg = Debug|x64
		{A5ABC2B6-0159-4506-B04A-7EE0B22BBCA0}.Debug|x64.Build.0 = Debug|x64
		{A5ABC2B6-0159-4506-B04A-7EE0B22BBCA0}.Release|Win32.ActiveCfg = Release|Win32
		{A5ABC2B6-0159-4506-B04A-7EE0B22BBCA0}.Release|Win32.Build.0 = Release|Win32
		{A5ABC2B6-0159-4506-B04A-7EE0B22BBCA0}.Release|x64.ActiveCfg = Release|x64
		{A5ABC2B6-0159-4506-B04A-7EE0B22BBCA0}.Release|x64.Build.0 = Release|x64
		{2F7A5DBA-0391-4235-9D23-982454349B55}.Debug|Win32.ActiveCfg = Debug|Win32
		{2F7A5DBA-0391-4235-9D23-982454349B55}.Debug|Win32.Build.0 = Debug|Win32
		{2F7A5DBA-0391-4235-9D23-982454349B55}.Debug|x64.ActiveCfg = Debug|x64
		{2F7A5DBA-0391-4235-9D23-982454349B55}.Debug|x64.Build.0 = Debug|x64
		{2F7A5DBA-0391-4235-9D23-982454349B55}.Release|Win32.ActiveCfg = Release|Win32
		{2F7A5DBA-0391-4235-9D23-982454349B55}.Release|Win32.Build.0 = Release|Win32
		{2F7A5DBA-0391-4235-9D23-982454349B55}.Release|x64.ActiveCfg = Release|x64
		{2F7A5DBA-0391-4235-9D23-982454349B55}.Release|x64.Build.0 = Release|x64
		{23D2C17D-68EB-4C91-8838-DDD787AD213B}.Debug|Win32.ActiveCfg = Debug|Win32
		{23D2C17D-68EB-4C91-8838-DDD787AD213B}.Debug|Win32.Build.0 = Debug|Win32
		{23D2C17D-68EB-4C91-8838-DDD787AD213B}.Debug|x64.ActiveCfg = Debug|x64
		{23D2C17D-68EB-4C91-8838-DDD787AD213B}.Debug|x64.Build.0 = Debug|x64
		{23D2C17D-68EB-4C91-8838-DDD787AD213B}.Release|Win32.ActiveCfg = Release|Win32
		{23D2C17D-68EB-4C91-8838-DDD787AD213B}.Release|Win32.Build.0 = Release|Win32
		{23D2C17D-68EB-4C91-8838-DDD787AD213B}.Release|x64.ActiveCfg = Release|x64
		{23D2C17D-68EB-4C91-8838-DDD787AD213B}.Release|x64.Build.0 = Release|x64
		{B4B75186-50EA-4320-A6C3-B621FA7E4509}.Debug|Win32.ActiveCfg = Debug|Win32
		{B4B75186-50EA-4320-A6C3-B621FA7E4509}.Debug|Win32.Build.0 = Debug|Win32
		{B4B75186-50EA-4320-A6C3-B621FA7E4509}.Debug|x64.ActiveCfg = Debug|x64
		{B4B75186-50EA-4320-A6C3-B621FA7E4509}.Debug|x64.Build.0 = Debug|x64
		{B4B75186-50EA-4320-A6C3-B621FA7E4509}.Release|Win32.ActiveCfg = Release|Win32
		{B4B75186-50EA-4320-A6C3-B621FA7E4509}.Release|Win32.Build.0 = Release|Win32
		{B4B75186-50EA-4320-A6C3-B621FA7E4509}.Release|x64.ActiveCfg = Release|x64
		{B4B75186-50EA-4320-A6C3-B621FA7E4509}.Release|x64.Build.0 = Release|x64
	EndGlobalSection
	GlobalSection(SolutionProperties) = preSolution
		HideSolutionNode = FALSE
	EndGlobalSection
EndGlobal
