Microsoft Visual Studio Solution File, Format Version 10.00
# Visual Studio 2008
Project("{8BC9CEB8-8B4A-11D0-8D11-00A0C91BC942}") = "CHAI3D", "projects\VS2008\CHAI3D.vcproj", "{A9F01342-5463-4634-B1F9-BF98CD5591B0}"
	ProjectSection(ProjectDependencies) = postProject
		{22C46739-ECA2-9A42-94A4-97C5FD6B977D} = {22C46739-ECA2-9A42-94A4-97C5FD6B977D}
		{93588B3B-742D-4722-BF12-6F92E0676B68} = {93588B3B-742D-4722-BF12-6F92E0676B68}
		{2E30DB8A-F0A3-49F6-9048-6A98A530CC10} = {2E30DB8A-F0A3-49F6-9048-6A98A530CC10}
		{826EE2C3-658A-43A3-89D3-48E769A77880} = {826EE2C3-658A-43A3-89D3-48E769A77880}
	EndProjectSection
EndProject
Project("{8BC9CEB8-8B4A-11D0-8D11-00A0C91BC942}") = "libjpeg", "internal\libjpeg\libjpeg-VS2008.vcproj", "{22C46739-ECA2-9A42-94A4-97C5FD6B977D}"
EndProject
Project("{8BC9CEB8-8B4A-11D0-8D11-00A0C91BC942}") = "libpng", "internal\libpng\libpng-VS2008.vcproj", "{93588B3B-742D-4722-BF12-6F92E0676B68}"
EndProject
Project("{8BC9CEB8-8B4A-11D0-8D11-00A0C91BC942}") = "libgif", "internal\giflib\giflib-VS2008.vcproj", "{2E30DB8A-F0A3-49F6-9048-6A98A530CC10}"
EndProject
Project("{8BC9CEB8-8B4A-11D0-8D11-00A0C91BC942}") = "freeglut", "external\freeglut\freeglut-VS2008.vcproj", "{71AF75A0-52B6-4C1B-8E56-CB31C6741A18}"
EndProject
Project("{8BC9CEB8-8B4A-11D0-8D11-00A0C91BC942}") = "25-cubic", "examples\GLUT\25-cubic\25-cubic-VS2008.vcproj", "{41047738-C5C7-4821-9E34-E3DCA990E716}"
	ProjectSection(ProjectDependencies) = postProject
		{A9F01342-5463-4634-B1F9-BF98CD5591B0} = {A9F01342-5463-4634-B1F9-BF98CD5591B0}
		{71AF75A0-52B6-4C1B-8E56-CB31C6741A18} = {71AF75A0-52B6-4C1B-8E56-CB31C6741A18}
	EndProjectSection
EndProject
Project("{8BC9CEB8-8B4A-11D0-8D11-00A0C91BC942}") = "24-turntable", "examples\GLUT\24-turntable\24-turntable-VS2008.vcproj", "{666CE3DF-B4DB-4BC1-AD2E-10B74401E82C}"
	ProjectSection(ProjectDependencies) = postProject
		{A9F01342-5463-4634-B1F9-BF98CD5591B0} = {A9F01342-5463-4634-B1F9-BF98CD5591B0}
		{71AF75A0-52B6-4C1B-8E56-CB31C6741A18} = {71AF75A0-52B6-4C1B-8E56-CB31C6741A18}
	EndProjectSection
EndProject
Project("{8BC9CEB8-8B4A-11D0-8D11-00A0C91BC942}") = "23-tooth", "examples\GLUT\23-tooth\23-tooth-VS2008.vcproj", "{B1112A85-D22C-4ABD-ACDB-BD1A2E78E521}"
	ProjectSection(ProjectDependencies) = postProject
		{A9F01342-5463-4634-B1F9-BF98CD5591B0} = {A9F01342-5463-4634-B1F9-BF98CD5591B0}
		{71AF75A0-52B6-4C1B-8E56-CB31C6741A18} = {71AF75A0-52B6-4C1B-8E56-CB31C6741A18}
	EndProjectSection
EndProject
Project("{8BC9CEB8-8B4A-11D0-8D11-00A0C91BC942}") = "22-chrome", "examples\GLUT\22-chrome\22-chrome-VS2008.vcproj", "{1325973E-9E7F-40AE-A49A-FEED4BF98F37}"
	ProjectSection(ProjectDependencies) = postProject
		{A9F01342-5463-4634-B1F9-BF98CD5591B0} = {A9F01342-5463-4634-B1F9-BF98CD5591B0}
		{71AF75A0-52B6-4C1B-8E56-CB31C6741A18} = {71AF75A0-52B6-4C1B-8E56-CB31C6741A18}
	EndProjectSection
EndProject
Project("{8BC9CEB8-8B4A-11D0-8D11-00A0C91BC942}") = "21-object", "examples\GLUT\21-object\21-object-VS2008.vcproj", "{093BD170-68C0-488A-890F-F3BB3B9A7FD1}"
	ProjectSection(ProjectDependencies) = postProject
		{A9F01342-5463-4634-B1F9-BF98CD5591B0} = {A9F01342-5463-4634-B1F9-BF98CD5591B0}
		{71AF75A0-52B6-4C1B-8E56-CB31C6741A18} = {71AF75A0-52B6-4C1B-8E56-CB31C6741A18}
	EndProjectSection
EndProject
Project("{8BC9CEB8-8B4A-11D0-8D11-00A0C91BC942}") = "20-map", "examples\GLUT\20-map\20-map-VS2008.vcproj", "{4DB1C224-FB7B-4AA2-8E59-2252CBBA6EE2}"
	ProjectSection(ProjectDependencies) = postProject
		{A9F01342-5463-4634-B1F9-BF98CD5591B0} = {A9F01342-5463-4634-B1F9-BF98CD5591B0}
		{71AF75A0-52B6-4C1B-8E56-CB31C6741A18} = {71AF75A0-52B6-4C1B-8E56-CB31C6741A18}
	EndProjectSection
EndProject
Project("{8BC9CEB8-8B4A-11D0-8D11-00A0C91BC942}") = "13-primitives", "examples\GLUT\13-primitives\13-primitives-VS2008.vcproj", "{A0FE2B56-6C50-4A6D-8FAA-CE094583CACD}"
	ProjectSection(ProjectDependencies) = postProject
		{A9F01342-5463-4634-B1F9-BF98CD5591B0} = {A9F01342-5463-4634-B1F9-BF98CD5591B0}
		{71AF75A0-52B6-4C1B-8E56-CB31C6741A18} = {71AF75A0-52B6-4C1B-8E56-CB31C6741A18}
	EndProjectSection
EndProject
Project("{8BC9CEB8-8B4A-11D0-8D11-00A0C91BC942}") = "12-polygons", "examples\GLUT\12-polygons\12-polygons-VS2008.vcproj", "{28CE1125-B8B2-4FC9-B8B5-01837E30E9A6}"
	ProjectSection(ProjectDependencies) = postProject
		{A9F01342-5463-4634-B1F9-BF98CD5591B0} = {A9F01342-5463-4634-B1F9-BF98CD5591B0}
		{71AF75A0-52B6-4C1B-8E56-CB31C6741A18} = {71AF75A0-52B6-4C1B-8E56-CB31C6741A18}
	EndProjectSection
EndProject
Project("{8BC9CEB8-8B4A-11D0-8D11-00A0C91BC942}") = "11-effects", "examples\GLUT\11-effects\11-effects-VS2008.vcproj", "{BA2987B6-E93E-4FB5-B4E5-67A8C41F6315}"
	ProjectSection(ProjectDependencies) = postProject
		{A9F01342-5463-4634-B1F9-BF98CD5591B0} = {A9F01342-5463-4634-B1F9-BF98CD5591B0}
		{71AF75A0-52B6-4C1B-8E56-CB31C6741A18} = {71AF75A0-52B6-4C1B-8E56-CB31C6741A18}
	EndProjectSection
EndProject
Project("{8BC9CEB8-8B4A-11D0-8D11-00A0C91BC942}") = "10-oring", "examples\GLUT\10-oring\10-oring-VS2008.vcproj", "{F90795AF-895B-4458-A081-6124F2D9E9AE}"
	ProjectSection(ProjectDependencies) = postProject
		{A9F01342-5463-4634-B1F9-BF98CD5591B0} = {A9F01342-5463-4634-B1F9-BF98CD5591B0}
		{71AF75A0-52B6-4C1B-8E56-CB31C6741A18} = {71AF75A0-52B6-4C1B-8E56-CB31C6741A18}
	EndProjectSection
EndProject
Project("{8BC9CEB8-8B4A-11D0-8D11-00A0C91BC942}") = "01-mydevice", "examples\GLUT\01-mydevice\01-mydevice-VS2008.vcproj", "{DF4A1F32-BA3E-4604-A9F5-721CAAA9EA71}"
	ProjectSection(ProjectDependencies) = postProject
		{A9F01342-5463-4634-B1F9-BF98CD5591B0} = {A9F01342-5463-4634-B1F9-BF98CD5591B0}
		{71AF75A0-52B6-4C1B-8E56-CB31C6741A18} = {71AF75A0-52B6-4C1B-8E56-CB31C6741A18}
	EndProjectSection
EndProject
Project("{8BC9CEB8-8B4A-11D0-8D11-00A0C91BC942}") = "02-multi-devices", "examples\GLUT\02-multi-devices\02-multi-devices-VS2008.vcproj", "{67114540-AA46-47BB-BBEE-0D7B1ECF9EEF}"
	ProjectSection(ProjectDependencies) = postProject
		{A9F01342-5463-4634-B1F9-BF98CD5591B0} = {A9F01342-5463-4634-B1F9-BF98CD5591B0}
		{71AF75A0-52B6-4C1B-8E56-CB31C6741A18} = {71AF75A0-52B6-4C1B-8E56-CB31C6741A18}
	EndProjectSection
EndProject
Project("{8BC9CEB8-8B4A-11D0-8D11-00A0C91BC942}") = "03-analytics", "examples\GLUT\03-analytics\03-analytics-VS2008.vcproj", "{BB2E425D-A955-4FBD-8AB0-1887FF6780D9}"
	ProjectSection(ProjectDependencies) = postProject
		{A9F01342-5463-4634-B1F9-BF98CD5591B0} = {A9F01342-5463-4634-B1F9-BF98CD5591B0}
		{71AF75A0-52B6-4C1B-8E56-CB31C6741A18} = {71AF75A0-52B6-4C1B-8E56-CB31C6741A18}
	EndProjectSection
EndProject
Project("{8BC9CEB8-8B4A-11D0-8D11-00A0C91BC942}") = "04-shapes", "examples\GLUT\04-shapes\04-shapes-VS2008.vcproj", "{21933DEF-8B97-4133-AE91-6DD37AB47BFC}"
	ProjectSection(ProjectDependencies) = postProject
		{A9F01342-5463-4634-B1F9-BF98CD5591B0} = {A9F01342-5463-4634-B1F9-BF98CD5591B0}
		{71AF75A0-52B6-4C1B-8E56-CB31C6741A18} = {71AF75A0-52B6-4C1B-8E56-CB31C6741A18}
	EndProjectSection
EndProject
Project("{8BC9CEB8-8B4A-11D0-8D11-00A0C91BC942}") = "05-fonts", "examples\GLUT\05-fonts\05-fonts-VS2008.vcproj", "{5AD6E967-B213-49D1-8C4C-05D2E272F9A8}"
	ProjectSection(ProjectDependencies) = postProject
		{A9F01342-5463-4634-B1F9-BF98CD5591B0} = {A9F01342-5463-4634-B1F9-BF98CD5591B0}
		{71AF75A0-52B6-4C1B-8E56-CB31C6741A18} = {71AF75A0-52B6-4C1B-8E56-CB31C6741A18}
	EndProjectSection
EndProject
Project("{8BC9CEB8-8B4A-11D0-8D11-00A0C91BC942}") = "lib3ds", "internal\lib3ds\lib3ds-VS2008.vcproj", "{826EE2C3-658A-43A3-89D3-48E769A77880}"
EndProject
Project("{8BC9CEB8-8B4A-11D0-8D11-00A0C91BC942}") = "14-textures", "examples\GLUT\14-textures\14-textures-VS2008.vcproj", "{1DC58089-E938-4A9D-9655-D13BED9E48B8}"
	ProjectSection(ProjectDependencies) = postProject
		{A9F01342-5463-4634-B1F9-BF98CD5591B0} = {A9F01342-5463-4634-B1F9-BF98CD5591B0}
		{71AF75A0-52B6-4C1B-8E56-CB31C6741A18} = {71AF75A0-52B6-4C1B-8E56-CB31C6741A18}
	EndProjectSection
EndProject
Project("{8BC9CEB8-8B4A-11D0-8D11-00A0C91BC942}") = "15-paint", "examples\GLUT\15-paint\15-paint-VS2008.vcproj", "{F0C13C4D-6DD6-4BAC-92C8-90B210C47B4F}"
	ProjectSection(ProjectDependencies) = postProject
		{A9F01342-5463-4634-B1F9-BF98CD5591B0} = {A9F01342-5463-4634-B1F9-BF98CD5591B0}
		{71AF75A0-52B6-4C1B-8E56-CB31C6741A18} = {71AF75A0-52B6-4C1B-8E56-CB31C6741A18}
	EndProjectSection
EndProject
Project("{8BC9CEB8-8B4A-11D0-8D11-00A0C91BC942}") = "16-friction", "examples\GLUT\16-friction\16-friction-VS2008.vcproj", "{951AE100-FE80-4740-80F6-3AD2B43E80C9}"
	ProjectSection(ProjectDependencies) = postProject
		{A9F01342-5463-4634-B1F9-BF98CD5591B0} = {A9F01342-5463-4634-B1F9-BF98CD5591B0}
		{71AF75A0-52B6-4C1B-8E56-CB31C6741A18} = {71AF75A0-52B6-4C1B-8E56-CB31C6741A18}
	EndProjectSection
EndProject
Project("{8BC9CEB8-8B4A-11D0-8D11-00A0C91BC942}") = "17-shading", "examples\GLUT\17-shading\17-shading-VS2008.vcproj", "{0D23B16E-6306-430E-930F-03F41490363E}"
	ProjectSection(ProjectDependencies) = postProject
		{A9F01342-5463-4634-B1F9-BF98CD5591B0} = {A9F01342-5463-4634-B1F9-BF98CD5591B0}
		{71AF75A0-52B6-4C1B-8E56-CB31C6741A18} = {71AF75A0-52B6-4C1B-8E56-CB31C6741A18}
	EndProjectSection
EndProject
Global
	GlobalSection(SolutionConfigurationPlatforms) = preSolution
		Debug|Win32 = Debug|Win32
		Debug|x64 = Debug|x64
		Release|Win32 = Release|Win32
		Release|x64 = Release|x64
	EndGlobalSection
	GlobalSection(ProjectConfigurationPlatforms) = postSolution
		{A9F01342-5463-4634-B1F9-BF98CD5591B0}.Debug|Win32.ActiveCfg = Debug|Win32
		{A9F01342-5463-4634-B1F9-BF98CD5591B0}.Debug|Win32.Build.0 = Debug|Win32
		{A9F01342-5463-4634-B1F9-BF98CD5591B0}.Debug|x64.ActiveCfg = Debug|x64
		{A9F01342-5463-4634-B1F9-BF98CD5591B0}.Debug|x64.Build.0 = Debug|x64
		{A9F01342-5463-4634-B1F9-BF98CD5591B0}.Release|Win32.ActiveCfg = Release|Win32
		{A9F01342-5463-4634-B1F9-BF98CD5591B0}.Release|Win32.Build.0 = Release|Win32
		{A9F01342-5463-4634-B1F9-BF98CD5591B0}.Release|x64.ActiveCfg = Release|x64
		{A9F01342-5463-4634-B1F9-BF98CD5591B0}.Release|x64.Build.0 = Release|x64
		{22C46739-ECA2-9A42-94A4-97C5FD6B977D}.Debug|Win32.ActiveCfg = Debug|Win32
		{22C46739-ECA2-9A42-94A4-97C5FD6B977D}.Debug|Win32.Build.0 = Debug|Win32
		{22C46739-ECA2-9A42-94A4-97C5FD6B977D}.Debug|x64.ActiveCfg = Debug|x64
		{22C46739-ECA2-9A42-94A4-97C5FD6B977D}.Debug|x64.Build.0 = Debug|x64
		{22C46739-ECA2-9A42-94A4-97C5FD6B977D}.Release|Win32.ActiveCfg = Release|Win32
		{22C46739-ECA2-9A42-94A4-97C5FD6B977D}.Release|Win32.Build.0 = Release|Win32
		{22C46739-ECA2-9A42-94A4-97C5FD6B977D}.Release|x64.ActiveCfg = Release|x64
		{22C46739-ECA2-9A42-94A4-97C5FD6B977D}.Release|x64.Build.0 = Release|x64
		{93588B3B-742D-4722-BF12-6F92E0676B68}.Debug|Win32.ActiveCfg = Debug|Win32
		{93588B3B-742D-4722-BF12-6F92E0676B68}.Debug|Win32.Build.0 = Debug|Win32
		{93588B3B-742D-4722-BF12-6F92E0676B68}.Debug|x64.ActiveCfg = Debug|x64
		{93588B3B-742D-4722-BF12-6F92E0676B68}.Debug|x64.Build.0 = Debug|x64
		{93588B3B-742D-4722-BF12-6F92E0676B68}.Release|Win32.ActiveCfg = Release|Win32
		{93588B3B-742D-4722-BF12-6F92E0676B68}.Release|Win32.Build.0 = Release|Win32
		{93588B3B-742D-4722-BF12-6F92E0676B68}.Release|x64.ActiveCfg = Release|x64
		{93588B3B-742D-4722-BF12-6F92E0676B68}.Release|x64.Build.0 = Release|x64
		{2E30DB8A-F0A3-49F6-9048-6A98A530CC10}.Debug|Win32.ActiveCfg = Debug|Win32
		{2E30DB8A-F0A3-49F6-9048-6A98A530CC10}.Debug|Win32.Build.0 = Debug|Win32
		{2E30DB8A-F0A3-49F6-9048-6A98A530CC10}.Debug|x64.ActiveCfg = Debug|x64
		{2E30DB8A-F0A3-49F6-9048-6A98A530CC10}.Debug|x64.Build.0 = Debug|x64
		{2E30DB8A-F0A3-49F6-9048-6A98A530CC10}.Release|Win32.ActiveCfg = Release|Win32
		{2E30DB8A-F0A3-49F6-9048-6A98A530CC10}.Release|Win32.Build.0 = Release|Win32
		{2E30DB8A-F0A3-49F6-9048-6A98A530CC10}.Release|x64.ActiveCfg = Release|x64
		{2E30DB8A-F0A3-49F6-9048-6A98A530CC10}.Release|x64.Build.0 = Release|x64
		{71AF75A0-52B6-4C1B-8E56-CB31C6741A18}.Debug|Win32.ActiveCfg = Debug|Win32
		{71AF75A0-52B6-4C1B-8E56-CB31C6741A18}.Debug|Win32.Build.0 = Debug|Win32
		{71AF75A0-52B6-4C1B-8E56-CB31C6741A18}.Debug|x64.ActiveCfg = Debug|x64
		{71AF75A0-52B6-4C1B-8E56-CB31C6741A18}.Debug|x64.Build.0 = Debug|x64
		{71AF75A0-52B6-4C1B-8E56-CB31C6741A18}.Release|Win32.ActiveCfg = Release|Win32
		{71AF75A0-52B6-4C1B-8E56-CB31C6741A18}.Release|Win32.Build.0 = Release|Win32
		{71AF75A0-52B6-4C1B-8E56-CB31C6741A18}.Release|x64.ActiveCfg = Release|x64
		{71AF75A0-52B6-4C1B-8E56-CB31C6741A18}.Release|x64.Build.0 = Release|x64
		{41047738-C5C7-4821-9E34-E3DCA990E716}.Debug|Win32.ActiveCfg = Debug|Win32
		{41047738-C5C7-4821-9E34-E3DCA990E716}.Debug|Win32.Build.0 = Debug|Win32
		{41047738-C5C7-4821-9E34-E3DCA990E716}.Debug|x64.ActiveCfg = Debug|x64
		{41047738-C5C7-4821-9E34-E3DCA990E716}.Debug|x64.Build.0 = Debug|x64
		{41047738-C5C7-4821-9E34-E3DCA990E716}.Release|Win32.ActiveCfg = Release|Win32
		{41047738-C5C7-4821-9E34-E3DCA990E716}.Release|Win32.Build.0 = Release|Win32
		{41047738-C5C7-4821-9E34-E3DCA990E716}.Release|x64.ActiveCfg = Release|x64
		{41047738-C5C7-4821-9E34-E3DCA990E716}.Release|x64.Build.0 = Release|x64
		{666CE3DF-B4DB-4BC1-AD2E-10B74401E82C}.Debug|Win32.ActiveCfg = Debug|Win32
		{666CE3DF-B4DB-4BC1-AD2E-10B74401E82C}.Debug|Win32.Build.0 = Debug|Win32
		{666CE3DF-B4DB-4BC1-AD2E-10B74401E82C}.Debug|x64.ActiveCfg = Debug|x64
		{666CE3DF-B4DB-4BC1-AD2E-10B74401E82C}.Release|Win32.ActiveCfg = Release|Win32
		{666CE3DF-B4DB-4BC1-AD2E-10B74401E82C}.Release|Win32.Build.0 = Release|Win32
		{666CE3DF-B4DB-4BC1-AD2E-10B74401E82C}.Release|x64.ActiveCfg = Release|x64
		{B1112A85-D22C-4ABD-ACDB-BD1A2E78E521}.Debug|Win32.ActiveCfg = Debug|Win32
		{B1112A85-D22C-4ABD-ACDB-BD1A2E78E521}.Debug|Win32.Build.0 = Debug|Win32
		{B1112A85-D22C-4ABD-ACDB-BD1A2E78E521}.Debug|x64.ActiveCfg = Debug|x64
		{B1112A85-D22C-4ABD-ACDB-BD1A2E78E521}.Debug|x64.Build.0 = Debug|x64
		{B1112A85-D22C-4ABD-ACDB-BD1A2E78E521}.Release|Win32.ActiveCfg = Release|Win32
		{B1112A85-D22C-4ABD-ACDB-BD1A2E78E521}.Release|Win32.Build.0 = Release|Win32
		{B1112A85-D22C-4ABD-ACDB-BD1A2E78E521}.Release|x64.ActiveCfg = Release|x64
		{B1112A85-D22C-4ABD-ACDB-BD1A2E78E521}.Release|x64.Build.0 = Release|x64
		{1325973E-9E7F-40AE-A49A-FEED4BF98F37}.Debug|Win32.ActiveCfg = Debug|Win32
		{1325973E-9E7F-40AE-A49A-FEED4BF98F37}.Debug|Win32.Build.0 = Debug|Win32
		{1325973E-9E7F-40AE-A49A-FEED4BF98F37}.Debug|x64.ActiveCfg = Debug|x64
		{1325973E-9E7F-40AE-A49A-FEED4BF98F37}.Debug|x64.Build.0 = Debug|x64
		{1325973E-9E7F-40AE-A49A-FEED4BF98F37}.Release|Win32.ActiveCfg = Release|Win32
		{1325973E-9E7F-40AE-A49A-FEED4BF98F37}.Release|Win32.Build.0 = Release|Win32
		{1325973E-9E7F-40AE-A49A-FEED4BF98F37}.Release|x64.ActiveCfg = Release|x64
		{1325973E-9E7F-40AE-A49A-FEED4BF98F37}.Release|x64.Build.0 = Release|x64
		{093BD170-68C0-488A-890F-F3BB3B9A7FD1}.Debug|Win32.ActiveCfg = Debug|Win32
		{093BD170-68C0-488A-890F-F3BB3B9A7FD1}.Debug|Win32.Build.0 = Debug|Win32
		{093BD170-68C0-488A-890F-F3BB3B9A7FD1}.Debug|x64.ActiveCfg = Debug|x64
		{093BD170-68C0-488A-890F-F3BB3B9A7FD1}.Debug|x64.Build.0 = Debug|x64
		{093BD170-68C0-488A-890F-F3BB3B9A7FD1}.Release|Win32.ActiveCfg = Release|Win32
		{093BD170-68C0-488A-890F-F3BB3B9A7FD1}.Release|Win32.Build.0 = Release|Win32
		{093BD170-68C0-488A-890F-F3BB3B9A7FD1}.Release|x64.ActiveCfg = Release|x64
		{093BD170-68C0-488A-890F-F3BB3B9A7FD1}.Release|x64.Build.0 = Release|x64
		{4DB1C224-FB7B-4AA2-8E59-2252CBBA6EE2}.Debug|Win32.ActiveCfg = Debug|Win32
		{4DB1C224-FB7B-4AA2-8E59-2252CBBA6EE2}.Debug|Win32.Build.0 = Debug|Win32
		{4DB1C224-FB7B-4AA2-8E59-2252CBBA6EE2}.Debug|x64.ActiveCfg = Debug|x64
		{4DB1C224-FB7B-4AA2-8E59-2252CBBA6EE2}.Debug|x64.Build.0 = Debug|x64
		{4DB1C224-FB7B-4AA2-8E59-2252CBBA6EE2}.Release|Win32.ActiveCfg = Release|Win32
		{4DB1C224-FB7B-4AA2-8E59-2252CBBA6EE2}.Release|Win32.Build.0 = Release|Win32
		{4DB1C224-FB7B-4AA2-8E59-2252CBBA6EE2}.Release|x64.ActiveCfg = Release|x64
		{4DB1C224-FB7B-4AA2-8E59-2252CBBA6EE2}.Release|x64.Build.0 = Release|x64
		{A0FE2B56-6C50-4A6D-8FAA-CE094583CACD}.Debug|Win32.ActiveCfg = Debug|Win32
		{A0FE2B56-6C50-4A6D-8FAA-CE094583CACD}.Debug|Win32.Build.0 = Debug|Win32
		{A0FE2B56-6C50-4A6D-8FAA-CE094583CACD}.Debug|x64.ActiveCfg = Debug|x64
		{A0FE2B56-6C50-4A6D-8FAA-CE094583CACD}.Debug|x64.Build.0 = Debug|x64
		{A0FE2B56-6C50-4A6D-8FAA-CE094583CACD}.Release|Win32.ActiveCfg = Release|Win32
		{A0FE2B56-6C50-4A6D-8FAA-CE094583CACD}.Release|Win32.Build.0 = Release|Win32
		{A0FE2B56-6C50-4A6D-8FAA-CE094583CACD}.Release|x64.ActiveCfg = Release|x64
		{A0FE2B56-6C50-4A6D-8FAA-CE094583CACD}.Release|x64.Build.0 = Release|x64
		{28CE1125-B8B2-4FC9-B8B5-01837E30E9A6}.Debug|Win32.ActiveCfg = Debug|Win32
		{28CE1125-B8B2-4FC9-B8B5-01837E30E9A6}.Debug|Win32.Build.0 = Debug|Win32
		{28CE1125-B8B2-4FC9-B8B5-01837E30E9A6}.Debug|x64.ActiveCfg = Debug|x64
		{28CE1125-B8B2-4FC9-B8B5-01837E30E9A6}.Debug|x64.Build.0 = Debug|x64
		{28CE1125-B8B2-4FC9-B8B5-01837E30E9A6}.Release|Win32.ActiveCfg = Release|Win32
		{28CE1125-B8B2-4FC9-B8B5-01837E30E9A6}.Release|Win32.Build.0 = Release|Win32
		{28CE1125-B8B2-4FC9-B8B5-01837E30E9A6}.Release|x64.ActiveCfg = Release|x64
		{28CE1125-B8B2-4FC9-B8B5-01837E30E9A6}.Release|x64.Build.0 = Release|x64
		{BA2987B6-E93E-4FB5-B4E5-67A8C41F6315}.Debug|Win32.ActiveCfg = Debug|Win32
		{BA2987B6-E93E-4FB5-B4E5-67A8C41F6315}.Debug|Win32.Build.0 = Debug|Win32
		{BA2987B6-E93E-4FB5-B4E5-67A8C41F6315}.Debug|x64.ActiveCfg = Debug|x64
		{BA2987B6-E93E-4FB5-B4E5-67A8C41F6315}.Debug|x64.Build.0 = Debug|x64
		{BA2987B6-E93E-4FB5-B4E5-67A8C41F6315}.Release|Win32.ActiveCfg = Release|Win32
		{BA2987B6-E93E-4FB5-B4E5-67A8C41F6315}.Release|Win32.Build.0 = Release|Win32
		{BA2987B6-E93E-4FB5-B4E5-67A8C41F6315}.Release|x64.ActiveCfg = Release|x64
		{BA2987B6-E93E-4FB5-B4E5-67A8C41F6315}.Release|x64.Build.0 = Release|x64
		{F90795AF-895B-4458-A081-6124F2D9E9AE}.Debug|Win32.ActiveCfg = Debug|Win32
		{F90795AF-895B-4458-A081-6124F2D9E9AE}.Debug|Win32.Build.0 = Debug|Win32
		{F90795AF-895B-4458-A081-6124F2D9E9AE}.Debug|x64.ActiveCfg = Debug|x64
		{F90795AF-895B-4458-A081-6124F2D9E9AE}.Debug|x64.Build.0 = Debug|x64
		{F90795AF-895B-4458-A081-6124F2D9E9AE}.Release|Win32.ActiveCfg = Release|Win32
		{F90795AF-895B-4458-A081-6124F2D9E9AE}.Release|Win32.Build.0 = Release|Win32
		{F90795AF-895B-4458-A081-6124F2D9E9AE}.Release|x64.ActiveCfg = Release|x64
		{F90795AF-895B-4458-A081-6124F2D9E9AE}.Release|x64.Build.0 = Release|x64
		{DF4A1F32-BA3E-4604-A9F5-721CAAA9EA71}.Debug|Win32.ActiveCfg = Debug|Win32
		{DF4A1F32-BA3E-4604-A9F5-721CAAA9EA71}.Debug|Win32.Build.0 = Debug|Win32
		{DF4A1F32-BA3E-4604-A9F5-721CAAA9EA71}.Debug|x64.ActiveCfg = Debug|x64
		{DF4A1F32-BA3E-4604-A9F5-721CAAA9EA71}.Debug|x64.Build.0 = Debug|x64
		{DF4A1F32-BA3E-4604-A9F5-721CAAA9EA71}.Release|Win32.ActiveCfg = Release|Win32
		{DF4A1F32-BA3E-4604-A9F5-721CAAA9EA71}.Release|Win32.Build.0 = Release|Win32
		{DF4A1F32-BA3E-4604-A9F5-721CAAA9EA71}.Release|x64.ActiveCfg = Release|x64
		{DF4A1F32-BA3E-4604-A9F5-721CAAA9EA71}.Release|x64.Build.0 = Release|x64
		{67114540-AA46-47BB-BBEE-0D7B1ECF9EEF}.Debug|Win32.ActiveCfg = Debug|Win32
		{67114540-AA46-47BB-BBEE-0D7B1ECF9EEF}.Debug|Win32.Build.0 = Debug|Win32
		{67114540-AA46-47BB-BBEE-0D7B1ECF9EEF}.Debug|x64.ActiveCfg = Debug|x64
		{67114540-AA46-47BB-BBEE-0D7B1ECF9EEF}.Debug|x64.Build.0 = Debug|x64
		{67114540-AA46-47BB-BBEE-0D7B1ECF9EEF}.Release|Win32.ActiveCfg = Release|Win32
		{67114540-AA46-47BB-BBEE-0D7B1ECF9EEF}.Release|Win32.Build.0 = Release|Win32
		{67114540-AA46-47BB-BBEE-0D7B1ECF9EEF}.Release|x64.ActiveCfg = Release|x64
		{67114540-AA46-47BB-BBEE-0D7B1ECF9EEF}.Release|x64.Build.0 = Release|x64
		{BB2E425D-A955-4FBD-8AB0-1887FF6780D9}.Debug|Win32.ActiveCfg = Debug|Win32
		{BB2E425D-A955-4FBD-8AB0-1887FF6780D9}.Debug|Win32.Build.0 = Debug|Win32
		{BB2E425D-A955-4FBD-8AB0-1887FF6780D9}.Debug|x64.ActiveCfg = Debug|x64
		{BB2E425D-A955-4FBD-8AB0-1887FF6780D9}.Debug|x64.Build.0 = Debug|x64
		{BB2E425D-A955-4FBD-8AB0-1887FF6780D9}.Release|Win32.ActiveCfg = Release|Win32
		{BB2E425D-A955-4FBD-8AB0-1887FF6780D9}.Release|Win32.Build.0 = Release|Win32
		{BB2E425D-A955-4FBD-8AB0-1887FF6780D9}.Release|x64.ActiveCfg = Release|x64
		{BB2E425D-A955-4FBD-8AB0-1887FF6780D9}.Release|x64.Build.0 = Release|x64
		{21933DEF-8B97-4133-AE91-6DD37AB47BFC}.Debug|Win32.ActiveCfg = Debug|Win32
		{21933DEF-8B97-4133-AE91-6DD37AB47BFC}.Debug|Win32.Build.0 = Debug|Win32
		{21933DEF-8B97-4133-AE91-6DD37AB47BFC}.Debug|x64.ActiveCfg = Debug|x64
		{21933DEF-8B97-4133-AE91-6DD37AB47BFC}.Debug|x64.Build.0 = Debug|x64
		{21933DEF-8B97-4133-AE91-6DD37AB47BFC}.Release|Win32.ActiveCfg = Release|Win32
		{21933DEF-8B97-4133-AE91-6DD37AB47BFC}.Release|Win32.Build.0 = Release|Win32
		{21933DEF-8B97-4133-AE91-6DD37AB47BFC}.Release|x64.ActiveCfg = Release|x64
		{21933DEF-8B97-4133-AE91-6DD37AB47BFC}.Release|x64.Build.0 = Release|x64
		{5AD6E967-B213-49D1-8C4C-05D2E272F9A8}.Debug|Win32.ActiveCfg = Debug|Win32
		{5AD6E967-B213-49D1-8C4C-05D2E272F9A8}.Debug|Win32.Build.0 = Debug|Win32
		{5AD6E967-B213-49D1-8C4C-05D2E272F9A8}.Debug|x64.ActiveCfg = Debug|x64
		{5AD6E967-B213-49D1-8C4C-05D2E272F9A8}.Debug|x64.Build.0 = Debug|x64
		{5AD6E967-B213-49D1-8C4C-05D2E272F9A8}.Release|Win32.ActiveCfg = Release|Win32
		{5AD6E967-B213-49D1-8C4C-05D2E272F9A8}.Release|Win32.Build.0 = Release|Win32
		{5AD6E967-B213-49D1-8C4C-05D2E272F9A8}.Release|x64.ActiveCfg = Release|x64
		{5AD6E967-B213-49D1-8C4C-05D2E272F9A8}.Release|x64.Build.0 = Release|x64
		{826EE2C3-658A-43A3-89D3-48E769A77880}.Debug|Win32.ActiveCfg = Debug|Win32
		{826EE2C3-658A-43A3-89D3-48E769A77880}.Debug|Win32.Build.0 = Debug|Win32
		{826EE2C3-658A-43A3-89D3-48E769A77880}.Debug|x64.ActiveCfg = Debug|x64
		{826EE2C3-658A-43A3-89D3-48E769A77880}.Debug|x64.Build.0 = Debug|x64
		{826EE2C3-658A-43A3-89D3-48E769A77880}.Release|Win32.ActiveCfg = Release|Win32
		{826EE2C3-658A-43A3-89D3-48E769A77880}.Release|Win32.Build.0 = Release|Win32
		{826EE2C3-658A-43A3-89D3-48E769A77880}.Release|x64.ActiveCfg = Release|x64
		{826EE2C3-658A-43A3-89D3-48E769A77880}.Release|x64.Build.0 = Release|x64
		{1DC58089-E938-4A9D-9655-D13BED9E48B8}.Debug|Win32.ActiveCfg = Debug|Win32
		{1DC58089-E938-4A9D-9655-D13BED9E48B8}.Debug|Win32.Build.0 = Debug|Win32
		{1DC58089-E938-4A9D-9655-D13BED9E48B8}.Debug|x64.ActiveCfg = Debug|x64
		{1DC58089-E938-4A9D-9655-D13BED9E48B8}.Debug|x64.Build.0 = Debug|x64
		{1DC58089-E938-4A9D-9655-D13BED9E48B8}.Release|Win32.ActiveCfg = Release|Win32
		{1DC58089-E938-4A9D-9655-D13BED9E48B8}.Release|Win32.Build.0 = Release|Win32
		{1DC58089-E938-4A9D-9655-D13BED9E48B8}.Release|x64.ActiveCfg = Release|x64
		{1DC58089-E938-4A9D-9655-D13BED9E48B8}.Release|x64.Build.0 = Release|x64
		{F0C13C4D-6DD6-4BAC-92C8-90B210C47B4F}.Debug|Win32.ActiveCfg = Debug|Win32
		{F0C13C4D-6DD6-4BAC-92C8-90B210C47B4F}.Debug|Win32.Build.0 = Debug|Win32
		{F0C13C4D-6DD6-4BAC-92C8-90B210C47B4F}.Debug|x64.ActiveCfg = Debug|x64
		{F0C13C4D-6DD6-4BAC-92C8-90B210C47B4F}.Debug|x64.Build.0 = Debug|x64
		{F0C13C4D-6DD6-4BAC-92C8-90B210C47B4F}.Release|Win32.ActiveCfg = Release|Win32
		{F0C13C4D-6DD6-4BAC-92C8-90B210C47B4F}.Release|Win32.Build.0 = Release|Win32
		{F0C13C4D-6DD6-4BAC-92C8-90B210C47B4F}.Release|x64.ActiveCfg = Release|x64
		{F0C13C4D-6DD6-4BAC-92C8-90B210C47B4F}.Release|x64.Build.0 = Release|x64
		{951AE100-FE80-4740-80F6-3AD2B43E80C9}.Debug|Win32.ActiveCfg = Debug|Win32
		{951AE100-FE80-4740-80F6-3AD2B43E80C9}.Debug|Win32.Build.0 = Debug|Win32
		{951AE100-FE80-4740-80F6-3AD2B43E80C9}.Debug|x64.ActiveCfg = Debug|x64
		{951AE100-FE80-4740-80F6-3AD2B43E80C9}.Debug|x64.Build.0 = Debug|x64
		{951AE100-FE80-4740-80F6-3AD2B43E80C9}.Release|Win32.ActiveCfg = Release|Win32
		{951AE100-FE80-4740-80F6-3AD2B43E80C9}.Release|Win32.Build.0 = Release|Win32
		{951AE100-FE80-4740-80F6-3AD2B43E80C9}.Release|x64.ActiveCfg = Release|x64
		{951AE100-FE80-4740-80F6-3AD2B43E80C9}.Release|x64.Build.0 = Release|x64
		{0D23B16E-6306-430E-930F-03F41490363E}.Debug|Win32.ActiveCfg = Debug|Win32
		{0D23B16E-6306-430E-930F-03F41490363E}.Debug|Win32.Build.0 = Debug|Win32
		{0D23B16E-6306-430E-930F-03F41490363E}.Debug|x64.ActiveCfg = Debug|x64
		{0D23B16E-6306-430E-930F-03F41490363E}.Debug|x64.Build.0 = Debug|x64
		{0D23B16E-6306-430E-930F-03F41490363E}.Release|Win32.ActiveCfg = Release|Win32
		{0D23B16E-6306-430E-930F-03F41490363E}.Release|Win32.Build.0 = Release|Win32
		{0D23B16E-6306-430E-930F-03F41490363E}.Release|x64.ActiveCfg = Release|x64
		{0D23B16E-6306-430E-930F-03F41490363E}.Release|x64.Build.0 = Release|x64
	EndGlobalSection
	GlobalSection(SolutionProperties) = preSolution
		HideSolutionNode = FALSE
	EndGlobalSection
EndGlobal
