Microsoft Visual Studio Solution File, Format Version 10.00
# Visual Studio 2008
Project("{8BC9CEB8-8B4A-11D0-8D11-00A0C91BC942}") = "CHAI-3D", "projects\VS2008\CHAI3D.vcproj", "{A9F01342-5463-4634-B1F9-BF98CD5591B0}"
	ProjectSection(ProjectDependencies) = postProject
		{22C46739-ECA2-9A42-94A4-97C5FD6B977D} = {22C46739-ECA2-9A42-94A4-97C5FD6B977D}
		{93588B3B-742D-4722-BF12-6F92E0676B68} = {93588B3B-742D-4722-BF12-6F92E0676B68}
		{2E30DB8A-F0A3-49F6-9048-6A98A530CC10} = {2E30DB8A-F0A3-49F6-9048-6A98A530CC10}
	EndProjectSection
EndProject
Project("{8BC9CEB8-8B4A-11D0-8D11-00A0C91BC942}") = "libjpeg", "external\libjpeg\libjpeg-VS2008.vcproj", "{22C46739-ECA2-9A42-94A4-97C5FD6B977D}"
EndProject
Project("{8BC9CEB8-8B4A-11D0-8D11-00A0C91BC942}") = "libpng", "external\libpng\libpng-VS2008.vcproj", "{93588B3B-742D-4722-BF12-6F92E0676B68}"
EndProject
Project("{8BC9CEB8-8B4A-11D0-8D11-00A0C91BC942}") = "libgif", "external\giflib\giflib-VS2008.vcproj", "{2E30DB8A-F0A3-49F6-9048-6A98A530CC10}"
EndProject
Project("{8BC9CEB8-8B4A-11D0-8D11-00A0C91BC942}") = "freeglut", "external\freeglut\freeglut-VS2008.vcproj", "{71AF75A0-52B6-4C1B-8E56-CB31C6741A18}"
EndProject
Project("{8BC9CEB8-8B4A-11D0-8D11-00A0C91BC942}") = "25-cubic", "examples\GLUT\25-cubic\25-cubic-VS2008.vcproj", "{41047738-C5C7-4821-9E34-E3DCA990E716}"
	ProjectSection(ProjectDependencies) = postProject
		{A9F01342-5463-4634-B1F9-BF98CD5591B0} = {A9F01342-5463-4634-B1F9-BF98CD5591B0}
		{71AF75A0-52B6-4C1B-8E56-CB31C6741A18} = {71AF75A0-52B6-4C1B-8E56-CB31C6741A18}
	EndProjectSection
EndProject
Project("{8BC9CEB8-8B4A-11D0-8D11-00A0C91BC942}") = "12-polygons", "examples\GLUT\12-polygons\12-polygons-VS2008.vcproj", "{28CE1125-B8B2-4FC9-B8B5-01837E30E9A6}"
	ProjectSection(ProjectDependencies) = postProject
		{A9F01342-5463-4634-B1F9-BF98CD5591B0} = {A9F01342-5463-4634-B1F9-BF98CD5591B0}
		{71AF75A0-52B6-4C1B-8E56-CB31C6741A18} = {71AF75A0-52B6-4C1B-8E56-CB31C6741A18}
	EndProjectSection
EndProject
Project("{8BC9CEB8-8B4A-11D0-8D11-00A0C91BC942}") = "11-effects", "examples\GLUT\11-effects\11-effects-VS2008.vcproj", "{BA2987B6-E93E-4FB5-B4E5-67A8C41F6315}"
	ProjectSection(ProjectDependencies) = postProject
		{A9F01342-5463-4634-B1F9-BF98CD5591B0} = {A9F01342-5463-4634-B1F9-BF98CD5591B0}
		{71AF75A0-52B6-4C1B-8E56-CB31C6741A18} = {71AF75A0-52B6-4C1B-8E56-CB31C6741A18}
	EndProjectSection
EndProject
Project("{8BC9CEB8-8B4A-11D0-8D11-00A0C91BC942}") = "10-oring", "examples\GLUT\10-oring\10-oring-VS2008.vcproj", "{F90795AF-895B-4458-A081-6124F2D9E9AE}"
	ProjectSection(ProjectDependencies) = postProject
		{A9F01342-5463-4634-B1F9-BF98CD5591B0} = {A9F01342-5463-4634-B1F9-BF98CD5591B0}
		{71AF75A0-52B6-4C1B-8E56-CB31C6741A18} = {71AF75A0-52B6-4C1B-8E56-CB31C6741A18}
	EndProjectSection
EndProject
Project("{8BC9CEB8-8B4A-11D0-8D11-00A0C91BC942}") = "01-mydevice", "examples\GLUT\01-mydevice\01-mydevice-VS2008.vcproj", "{DF4A1F32-BA3E-4604-A9F5-721CAAA9EA71}"
	ProjectSection(ProjectDependencies) = postProject
		{A9F01342-5463-4634-B1F9-BF98CD5591B0} = {A9F01342-5463-4634-B1F9-BF98CD5591B0}
		{71AF75A0-52B6-4C1B-8E56-CB31C6741A18} = {71AF75A0-52B6-4C1B-8E56-CB31C6741A18}
	EndProjectSection
EndProject
Global
	GlobalSection(SolutionConfigurationPlatforms) = preSolution
		Debug|Win32 = Debug|Win32
		Debug|x64 = Debug|x64
		Release|Win32 = Release|Win32
		Release|x64 = Release|x64
	EndGlobalSection
	GlobalSection(ProjectConfigurationPlatforms) = postSolution
		{A9F01342-5463-4634-B1F9-BF98CD5591B0}.Debug|Win32.ActiveCfg = Debug|Win32
		{A9F01342-5463-4634-B1F9-BF98CD5591B0}.Debug|Win32.Build.0 = Debug|Win32
		{A9F01342-5463-4634-B1F9-BF98CD5591B0}.Debug|x64.ActiveCfg = Debug|x64
		{A9F01342-5463-4634-B1F9-BF98CD5591B0}.Debug|x64.Build.0 = Debug|x64
		{A9F01342-5463-4634-B1F9-BF98CD5591B0}.Release|Win32.ActiveCfg = Release|Win32
		{A9F01342-5463-4634-B1F9-BF98CD5591B0}.Release|Win32.Build.0 = Release|Win32
		{A9F01342-5463-4634-B1F9-BF98CD5591B0}.Release|x64.ActiveCfg = Release|x64
		{A9F01342-5463-4634-B1F9-BF98CD5591B0}.Release|x64.Build.0 = Release|x64
		{22C46739-ECA2-9A42-94A4-97C5FD6B977D}.Debug|Win32.ActiveCfg = Debug|Win32
		{22C46739-ECA2-9A42-94A4-97C5FD6B977D}.Debug|Win32.Build.0 = Debug|Win32
		{22C46739-ECA2-9A42-94A4-97C5FD6B977D}.Debug|x64.ActiveCfg = Debug|x64
		{22C46739-ECA2-9A42-94A4-97C5FD6B977D}.Debug|x64.Build.0 = Debug|x64
		{22C46739-ECA2-9A42-94A4-97C5FD6B977D}.Release|Win32.ActiveCfg = Release|Win32
		{22C46739-ECA2-9A42-94A4-97C5FD6B977D}.Release|Win32.Build.0 = Release|Win32
		{22C46739-ECA2-9A42-94A4-97C5FD6B977D}.Release|x64.ActiveCfg = Release|x64
		{22C46739-ECA2-9A42-94A4-97C5FD6B977D}.Release|x64.Build.0 = Release|x64
		{93588B3B-742D-4722-BF12-6F92E0676B68}.Debug|Win32.ActiveCfg = Debug|Win32
		{93588B3B-742D-4722-BF12-6F92E0676B68}.Debug|Win32.Build.0 = Debug|Win32
		{93588B3B-742D-4722-BF12-6F92E0676B68}.Debug|x64.ActiveCfg = Debug|x64
		{93588B3B-742D-4722-BF12-6F92E0676B68}.Debug|x64.Build.0 = Debug|x64
		{93588B3B-742D-4722-BF12-6F92E0676B68}.Release|Win32.ActiveCfg = Release|Win32
		{93588B3B-742D-4722-BF12-6F92E0676B68}.Release|Win32.Build.0 = Release|Win32
		{93588B3B-742D-4722-BF12-6F92E0676B68}.Release|x64.ActiveCfg = Release|x64
		{93588B3B-742D-4722-BF12-6F92E0676B68}.Release|x64.Build.0 = Release|x64
		{2E30DB8A-F0A3-49F6-9048-6A98A530CC10}.Debug|Win32.ActiveCfg = Debug|Win32
		{2E30DB8A-F0A3-49F6-9048-6A98A530CC10}.Debug|Win32.Build.0 = Debug|Win32
		{2E30DB8A-F0A3-49F6-9048-6A98A530CC10}.Debug|x64.ActiveCfg = Debug|x64
		{2E30DB8A-F0A3-49F6-9048-6A98A530CC10}.Debug|x64.Build.0 = Debug|x64
		{2E30DB8A-F0A3-49F6-9048-6A98A530CC10}.Release|Win32.ActiveCfg = Release|Win32
		{2E30DB8A-F0A3-49F6-9048-6A98A530CC10}.Release|Win32.Build.0 = Release|Win32
		{2E30DB8A-F0A3-49F6-9048-6A98A530CC10}.Release|x64.ActiveCfg = Release|x64
		{2E30DB8A-F0A3-49F6-9048-6A98A530CC10}.Release|x64.Build.0 = Release|x64
		{71AF75A0-52B6-4C1B-8E56-CB31C6741A18}.Debug|Win32.ActiveCfg = Debug|Win32
		{71AF75A0-52B6-4C1B-8E56-CB31C6741A18}.Debug|Win32.Build.0 = Debug|Win32
		{71AF75A0-52B6-4C1B-8E56-CB31C6741A18}.Debug|x64.ActiveCfg = Debug|x64
		{71AF75A0-52B6-4C1B-8E56-CB31C6741A18}.Debug|x64.Build.0 = Debug|x64
		{71AF75A0-52B6-4C1B-8E56-CB31C6741A18}.Release|Win32.ActiveCfg = Release|Win32
		{71AF75A0-52B6-4C1B-8E56-CB31C6741A18}.Release|Win32.Build.0 = Release|Win32
		{71AF75A0-52B6-4C1B-8E56-CB31C6741A18}.Release|x64.ActiveCfg = Release|x64
		{71AF75A0-52B6-4C1B-8E56-CB31C6741A18}.Release|x64.Build.0 = Release|x64
		{41047738-C5C7-4821-9E34-E3DCA990E716}.Debug|Win32.ActiveCfg = Debug|Win32
		{41047738-C5C7-4821-9E34-E3DCA990E716}.Debug|Win32.Build.0 = Debug|Win32
		{41047738-C5C7-4821-9E34-E3DCA990E716}.Debug|x64.ActiveCfg = Debug|x64
		{41047738-C5C7-4821-9E34-E3DCA990E716}.Debug|x64.Build.0 = Debug|x64
		{41047738-C5C7-4821-9E34-E3DCA990E716}.Release|Win32.ActiveCfg = Release|Win32
		{41047738-C5C7-4821-9E34-E3DCA990E716}.Release|Win32.Build.0 = Release|Win32
		{41047738-C5C7-4821-9E34-E3DCA990E716}.Release|x64.ActiveCfg = Release|x64
		{41047738-C5C7-4821-9E34-E3DCA990E716}.Release|x64.Build.0 = Release|x64
		{28CE1125-B8B2-4FC9-B8B5-01837E30E9A6}.Debug|Win32.ActiveCfg = Debug|Win32
		{28CE1125-B8B2-4FC9-B8B5-01837E30E9A6}.Debug|Win32.Build.0 = Debug|Win32
		{28CE1125-B8B2-4FC9-B8B5-01837E30E9A6}.Debug|x64.ActiveCfg = Debug|x64
		{28CE1125-B8B2-4FC9-B8B5-01837E30E9A6}.Debug|x64.Build.0 = Debug|x64
		{28CE1125-B8B2-4FC9-B8B5-01837E30E9A6}.Release|Win32.ActiveCfg = Release|Win32
		{28CE1125-B8B2-4FC9-B8B5-01837E30E9A6}.Release|Win32.Build.0 = Release|Win32
		{28CE1125-B8B2-4FC9-B8B5-01837E30E9A6}.Release|x64.ActiveCfg = Release|x64
		{28CE1125-B8B2-4FC9-B8B5-01837E30E9A6}.Release|x64.Build.0 = Release|x64
		{BA2987B6-E93E-4FB5-B4E5-67A8C41F6315}.Debug|Win32.ActiveCfg = Debug|Win32
		{BA2987B6-E93E-4FB5-B4E5-67A8C41F6315}.Debug|Win32.Build.0 = Debug|Win32
		{BA2987B6-E93E-4FB5-B4E5-67A8C41F6315}.Debug|x64.ActiveCfg = Debug|x64
		{BA2987B6-E93E-4FB5-B4E5-67A8C41F6315}.Debug|x64.Build.0 = Debug|x64
		{BA2987B6-E93E-4FB5-B4E5-67A8C41F6315}.Release|Win32.ActiveCfg = Release|Win32
		{BA2987B6-E93E-4FB5-B4E5-67A8C41F6315}.Release|Win32.Build.0 = Release|Win32
		{BA2987B6-E93E-4FB5-B4E5-67A8C41F6315}.Release|x64.ActiveCfg = Release|x64
		{BA2987B6-E93E-4FB5-B4E5-67A8C41F6315}.Release|x64.Build.0 = Release|x64
		{F90795AF-895B-4458-A081-6124F2D9E9AE}.Debug|Win32.ActiveCfg = Debug|Win32
		{F90795AF-895B-4458-A081-6124F2D9E9AE}.Debug|Win32.Build.0 = Debug|Win32
		{F90795AF-895B-4458-A081-6124F2D9E9AE}.Debug|x64.ActiveCfg = Debug|x64
		{F90795AF-895B-4458-A081-6124F2D9E9AE}.Debug|x64.Build.0 = Debug|x64
		{F90795AF-895B-4458-A081-6124F2D9E9AE}.Release|Win32.ActiveCfg = Release|Win32
		{F90795AF-895B-4458-A081-6124F2D9E9AE}.Release|Win32.Build.0 = Release|Win32
		{F90795AF-895B-4458-A081-6124F2D9E9AE}.Release|x64.ActiveCfg = Release|x64
		{F90795AF-895B-4458-A081-6124F2D9E9AE}.Release|x64.Build.0 = Release|x64
		{DF4A1F32-BA3E-4604-A9F5-721CAAA9EA71}.Debug|Win32.ActiveCfg = Debug|Win32
		{DF4A1F32-BA3E-4604-A9F5-721CAAA9EA71}.Debug|Win32.Build.0 = Debug|Win32
		{DF4A1F32-BA3E-4604-A9F5-721CAAA9EA71}.Debug|x64.ActiveCfg = Debug|x64
		{DF4A1F32-BA3E-4604-A9F5-721CAAA9EA71}.Debug|x64.Build.0 = Debug|x64
		{DF4A1F32-BA3E-4604-A9F5-721CAAA9EA71}.Release|Win32.ActiveCfg = Release|Win32
		{DF4A1F32-BA3E-4604-A9F5-721CAAA9EA71}.Release|Win32.Build.0 = Release|Win32
		{DF4A1F32-BA3E-4604-A9F5-721CAAA9EA71}.Release|x64.ActiveCfg = Release|x64
		{DF4A1F32-BA3E-4604-A9F5-721CAAA9EA71}.Release|x64.Build.0 = Release|x64
	EndGlobalSection
	GlobalSection(SolutionProperties) = preSolution
		HideSolutionNode = FALSE
	EndGlobalSection
EndGlobal
